
Microsoft Visual Studio Solution File, Format Version 12.00
# Visual Studio Version 17
VisualStudioVersion = 17.11.35312.102
MinimumVisualStudioVersion = 10.0.40219.1
Project("{FAE04EC0-301F-11D3-BF4B-00C04F79EFBC}") = "WindowsFormsApp1", "WindowsFormsApp1.csproj", "{2F378596-0D15-43F5-977A-8C9AB856AB60}"
EndProject
Global
	GlobalSection(SolutionConfigurationPlatforms) = preSolution
		Debug|Any CPU = Debug|Any CPU
		Release|Any CPU = Release|Any CPU
	EndGlobalSection
	GlobalSection(ProjectConfigurationPlatforms) = postSolution
		{2F378596-0D15-43F5-977A-8C9AB856AB60}.Debug|Any CPU.ActiveCfg = Debug|Any CPU
		{2F378596-0D15-43F5-977A-8C9AB856AB60}.Debug|Any CPU.Build.0 = Debug|Any CPU
		{2F378596-0D15-43F5-977A-8C9AB856AB60}.Release|Any CPU.ActiveCfg = Release|Any CPU
		{2F378596-0D15-43F5-977A-8C9AB856AB60}.Release|Any CPU.Build.0 = Release|Any CPU
	EndGlobalSection
	GlobalSection(SolutionProperties) = preSolution
		HideSolutionNode = FALSE
	EndGlobalSection
	GlobalSection(ExtensibilityGlobals) = postSolution
		SolutionGuid = {E94C4F89-D22D-479D-B371-D64BA915C89E}
	EndGlobalSection
EndGlobal
